# THIS IS AN AUTOGENERATED FILE. DO NOT EDIT THIS FILE DIRECTLY.
# yarn lockfile v1


"@babel/runtime@^7.12.0":
  version "7.16.3"
  resolved "https://registry.yarnpkg.com/@babel/runtime/-/runtime-7.16.3.tgz#b86f0db02a04187a3c17caa77de69840165d42d5"
  integrity sha512-WBwekcqacdY2e9AF/Q7WLFUWmdJGJTkbjqTjoMDgXkVZ3ZRUvOPsLb5KdwISoQVsbP+DQzVZW4Zhci0DvpbNTQ==
  dependencies:
    regenerator-runtime "^0.13.4"

i18next-cli-language-detector@^1.0.1:
  version "1.0.1"
  resolved "https://registry.yarnpkg.com/i18next-cli-language-detector/-/i18next-cli-language-detector-1.0.1.tgz#8ef500392178c6b3cce94e2d24e1f49e9e359381"
  integrity sha512-cyD/mlz5W2zkBJ5DiANUCAfqzn8I/NkRF+1NKtPKTk47KVqCVqnlN0Gi/B7cyUdYn6AtVnlzSFtPTWaQDfKccw==

i18next@^21.5.3:
  version "21.5.3"
  resolved "https://registry.yarnpkg.com/i18next/-/i18next-21.5.3.tgz#b2d4fd24bef7ea4ec4eba2ed3cadc0c28c0e3b4c"
  integrity sha512-9R8127a0/N5okiD7eeo6XBPQsHgHsLr1GdQEa35Pcw305ArC9KZDLs9kbgdn3xuVUNYlVu8+gWzz73eVkna0gA==
  dependencies:
    "@babel/runtime" "^7.12.0"

regenerator-runtime@^0.13.4:
  version "0.13.9"
  resolved "https://registry.yarnpkg.com/regenerator-runtime/-/regenerator-runtime-0.13.9.tgz#8925742a98ffd90814988d7566ad30ca3b263b52"
  integrity sha512-p3VT+cOEgxFsRRA9X4lkI1E+k2/CtnKtU4gcxyaCUreilL/vqI6CdZ3wxVUx3UOUg+gnUOQQcRI7BmSI656MYA==
